
Microsoft Visual Studio Solution File, Format Version 12.00
# Visual Studio 15
VisualStudioVersion = 15.0.27428.2027
MinimumVisualStudioVersion = 10.0.40219.1
Project("{FAE04EC0-301F-11D3-BF4B-00C04F79EFBC}") = "mnbAddIn", "mnbAddIn\mnbAddIn.csproj", "{30817425-6FEB-4AAF-9E23-79EF8F4C13AD}"
EndProject
Project("{FAE04EC0-301F-11D3-BF4B-00C04F79EFBC}") = "mnbService", "mnbService\mnbService.csproj", "{D707E0AF-5D42-4201-BAA7-3CDEE64BCCDB}"
EndProject
Global
	GlobalSection(SolutionConfigurationPlatforms) = preSolution
		Debug|Any CPU = Debug|Any CPU
		Release|Any CPU = Release|Any CPU
	EndGlobalSection
	GlobalSection(ProjectConfigurationPlatforms) = postSolution
		{30817425-6FEB-4AAF-9E23-79EF8F4C13AD}.Debug|Any CPU.ActiveCfg = Debug|Any CPU
		{30817425-6FEB-4AAF-9E23-79EF8F4C13AD}.Debug|Any CPU.Build.0 = Debug|Any CPU
		{30817425-6FEB-4AAF-9E23-79EF8F4C13AD}.Release|Any CPU.ActiveCfg = Release|Any CPU
		{30817425-6FEB-4AAF-9E23-79EF8F4C13AD}.Release|Any CPU.Build.0 = Release|Any CPU
		{D707E0AF-5D42-4201-BAA7-3CDEE64BCCDB}.Debug|Any CPU.ActiveCfg = Debug|Any CPU
		{D707E0AF-5D42-4201-BAA7-3CDEE64BCCDB}.Debug|Any CPU.Build.0 = Debug|Any CPU
		{D707E0AF-5D42-4201-BAA7-3CDEE64BCCDB}.Release|Any CPU.ActiveCfg = Release|Any CPU
		{D707E0AF-5D42-4201-BAA7-3CDEE64BCCDB}.Release|Any CPU.Build.0 = Release|Any CPU
	EndGlobalSection
	GlobalSection(SolutionProperties) = preSolution
		HideSolutionNode = FALSE
	EndGlobalSection
	GlobalSection(ExtensibilityGlobals) = postSolution
		SolutionGuid = {A67F9C22-3542-4A58-B7A2-22AFDC089262}
	EndGlobalSection
EndGlobal
